{
    "_readme": [
        "This file locks the dependencies of your project to a known state",
        "Read more about it at https://getcomposer.org/doc/01-basic-usage.md#composer-lock-the-lock-file",
        "This file is @generated automatically"
    ],
    "hash": "2871dcdd0b238e8fa6264dc5cd46344a",
    "content-hash": "6cd0cfab9993253e466668869cb49198",
    "packages": [
        {
            "name": "gridonic/hapi",
            "version": "0.1",
            "source": {
                "type": "git",
                "url": "https://github.com/gridonic/hapi.git",
                "reference": "3d802e9b5ceeffb1af393cee4cb963b93280e78c"
            },
            "dist": {
                "type": "zip",
                "url": "https://api.github.com/repos/gridonic/hapi/zipball/3d802e9b5ceeffb1af393cee4cb963b93280e78c",
                "reference": "3d802e9b5ceeffb1af393cee4cb963b93280e78c",
                "shasum": ""
            },
            "require": {
                "php": ">=5.3.0"
            },
            "require-dev": {
                "phpunit/phpunit": "~4"
            },
            "type": "library",
            "autoload": {
                "psr-0": {
                    "Harvest": "src/"
                }
            },
            "notification-url": "https://packagist.org/downloads/",
            "license": [
                "GPL-3.0"
            ],
            "description": "PHP Wrapper Library for the Harvest API",
            "homepage": "http://github.com/gridonic/hapi",
            "keywords": [
                "Harvest",
                "api"
            ],
            "time": "2015-01-13 21:22:04"
        },
        {
            "name": "kbsali/redmine-api",
            "version": "v1.5.6",
            "source": {
                "type": "git",
                "url": "https://github.com/kbsali/php-redmine-api.git",
                "reference": "24011e66eef35396bc0e29774ef90dd3df4157ea"
            },
            "dist": {
                "type": "zip",
                "url": "https://api.github.com/repos/kbsali/php-redmine-api/zipball/24011e66eef35396bc0e29774ef90dd3df4157ea",
                "reference": "24011e66eef35396bc0e29774ef90dd3df4157ea",
                "shasum": ""
            },
            "require": {
                "ext-curl": "*",
                "php": ">=5.4"
            },
            "require-dev": {
                "phpunit/phpunit": "~4.0"
            },
            "type": "library",
            "autoload": {
                "psr-0": {
                    "Redmine": "lib/"
                }
            },
            "notification-url": "https://packagist.org/downloads/",
            "license": [
                "MIT"
            ],
            "authors": [
                {
                    "name": "Kevin Saliou",
                    "email": "kevin@saliou.name",
                    "homepage": "http://kevin.saliou.name"
                }
            ],
            "description": "Redmine API client",
            "homepage": "https://github.com/kbsali/php-redmine-api",
            "keywords": [
                "api",
                "redmine"
            ],
            "time": "2015-11-20 23:16:58"
        },
        {
            "name": "symfony/yaml",
            "version": "v3.0.0",
            "source": {
                "type": "git",
                "url": "https://github.com/symfony/yaml.git",
                "reference": "177a015cb0e19ff4a49e0e2e2c5fc1c1bee07002"
            },
            "dist": {
                "type": "zip",
                "url": "https://api.github.com/repos/symfony/yaml/zipball/177a015cb0e19ff4a49e0e2e2c5fc1c1bee07002",
                "reference": "177a015cb0e19ff4a49e0e2e2c5fc1c1bee07002",
                "shasum": ""
            },
            "require": {
                "php": ">=5.5.9"
            },
            "type": "library",
            "extra": {
                "branch-alias": {
                    "dev-master": "3.0-dev"
                }
            },
            "autoload": {
                "psr-4": {
                    "Symfony\\Component\\Yaml\\": ""
                },
                "exclude-from-classmap": [
                    "/Tests/"
                ]
            },
            "notification-url": "https://packagist.org/downloads/",
            "license": [
                "MIT"
            ],
            "authors": [
                {
                    "name": "Fabien Potencier",
                    "email": "fabien@symfony.com"
                },
                {
                    "name": "Symfony Community",
                    "homepage": "https://symfony.com/contributors"
                }
            ],
            "description": "Symfony Yaml Component",
            "homepage": "https://symfony.com",
            "time": "2015-11-30 12:36:17"
        }
    ],
    "packages-dev": [],
    "aliases": [],
    "minimum-stability": "stable",
    "stability-flags": [],
    "prefer-stable": false,
    "prefer-lowest": false,
    "platform": [],
    "platform-dev": []
}
